
Microsoft Visual Studio Solution File, Format Version 12.00
# Visual Studio Version 16
VisualStudioVersion = 16.0.29505.145
MinimumVisualStudioVersion = 10.0.40219.1
Project("{FAE04EC0-301F-11D3-BF4B-00C04F79EFBC}") = "WpfCore", "WpfCore.csproj", "{D0FFBB09-E5AE-489A-ABDD-12761B92BAAC}"
EndProject
Global
	GlobalSection(SolutionConfigurationPlatforms) = preSolution
		Debug|Any CPU = Debug|Any CPU
		Release|Any CPU = Release|Any CPU
	EndGlobalSection
	GlobalSection(ProjectConfigurationPlatforms) = postSolution
		{D0FFBB09-E5AE-489A-ABDD-12761B92BAAC}.Debug|Any CPU.ActiveCfg = Debug|Any CPU
		{D0FFBB09-E5AE-489A-ABDD-12761B92BAAC}.Debug|Any CPU.Build.0 = Debug|Any CPU
		{D0FFBB09-E5AE-489A-ABDD-12761B92BAAC}.Release|Any CPU.ActiveCfg = Release|Any CPU
		{D0FFBB09-E5AE-489A-ABDD-12761B92BAAC}.Release|Any CPU.Build.0 = Release|Any CPU
	EndGlobalSection
	GlobalSection(SolutionProperties) = preSolution
		HideSolutionNode = FALSE
	EndGlobalSection
	GlobalSection(ExtensibilityGlobals) = postSolution
		SolutionGuid = {173ED3AF-8098-4F19-BCB0-3CE62B9B6551}
	EndGlobalSection
EndGlobal
